// !$*UTF8*$!
{
	archiveVersion = 1;
	classes = {
	};
	objectVersion = 50;
	objects = {

/* Begin PBXBuildFile section */
		FD006B042143E22A004A7C1B /* MCLock.c in Sources */ = {isa = PBXBuildFile; fileRef = FD006B032143E22A004A7C1B /* MCLock.c */; };
		FD006B072143F763004A7C1B /* MCMem.c in Sources */ = {isa = PBXBuildFile; fileRef = FD006B062143F763004A7C1B /* MCMem.c */; };
		FD006B0A2143F816004A7C1B /* MCType.c in Sources */ = {isa = PBXBuildFile; fileRef = FD006B092143F816004A7C1B /* MCType.c */; };
		FD006B0D2143FAFC004A7C1B /* MCLinkedList.c in Sources */ = {isa = PBXBuildFile; fileRef = FD006B0C2143FAFC004A7C1B /* MCLinkedList.c */; };
		FD62BC55219FDE110091D020 /* MCHashTable.c in Sources */ = {isa = PBXBuildFile; fileRef = FD62BC54219FDE110091D020 /* MCHashTable.c */; };
		FDAD62A821B6D44B004CE65A /* MCArray.c in Sources */ = {isa = PBXBuildFile; fileRef = FDAD62A721B6D44B004CE65A /* MCArray.c */; };
		FDD61514214395FF0058CAAA /* MCObject.c in Sources */ = {isa = PBXBuildFile; fileRef = FDD61513214395FF0058CAAA /* MCObject.c */; };
		FDD615172143973C0058CAAA /* MCClass.c in Sources */ = {isa = PBXBuildFile; fileRef = FDD615162143973C0058CAAA /* MCClass.c */; };
		FDD6151A214398650058CAAA /* MCFunction.c in Sources */ = {isa = PBXBuildFile; fileRef = FDD61519214398650058CAAA /* MCFunction.c */; };
		FDE5E5FE2143863E0076D526 /* main.c in Sources */ = {isa = PBXBuildFile; fileRef = FDE5E5FD2143863E0076D526 /* main.c */; };
		FDE5E609214386830076D526 /* Fish.c in Sources */ = {isa = PBXBuildFile; fileRef = FDE5E608214386830076D526 /* Fish.c */; };
		FDE5E60C21438E410076D526 /* Cell.c in Sources */ = {isa = PBXBuildFile; fileRef = FDE5E60B21438E410076D526 /* Cell.c */; };
/* End PBXBuildFile section */

/* Begin PBXCopyFilesBuildPhase section */
		FDE5E5F82143863E0076D526 /* CopyFiles */ = {
			isa = PBXCopyFilesBuildPhase;
			buildActionMask = 2147483647;
			dstPath = /usr/share/man/man1/;
			dstSubfolderSpec = 0;
			files = (
			);
			runOnlyForDeploymentPostprocessing = 1;
		};
/* End PBXCopyFilesBuildPhase section */

/* Begin PBXFileReference section */
		FD006B022143E22A004A7C1B /* MCLock.h */ = {isa = PBXFileReference; lastKnownFileType = sourcecode.c.h; path = MCLock.h; sourceTree = "<group>"; };
		FD006B032143E22A004A7C1B /* MCLock.c */ = {isa = PBXFileReference; lastKnownFileType = sourcecode.c.c; path = MCLock.c; sourceTree = "<group>"; };
		FD006B052143F763004A7C1B /* MCMem.h */ = {isa = PBXFileReference; lastKnownFileType = sourcecode.c.h; path = MCMem.h; sourceTree = "<group>"; };
		FD006B062143F763004A7C1B /* MCMem.c */ = {isa = PBXFileReference; lastKnownFileType = sourcecode.c.c; path = MCMem.c; sourceTree = "<group>"; };
		FD006B082143F816004A7C1B /* MCType.h */ = {isa = PBXFileReference; lastKnownFileType = sourcecode.c.h; path = MCType.h; sourceTree = "<group>"; };
		FD006B092143F816004A7C1B /* MCType.c */ = {isa = PBXFileReference; lastKnownFileType = sourcecode.c.c; path = MCType.c; sourceTree = "<group>"; };
		FD006B0B2143FAFC004A7C1B /* MCLinkedList.h */ = {isa = PBXFileReference; lastKnownFileType = sourcecode.c.h; path = MCLinkedList.h; sourceTree = "<group>"; };
		FD006B0C2143FAFC004A7C1B /* MCLinkedList.c */ = {isa = PBXFileReference; lastKnownFileType = sourcecode.c.c; path = MCLinkedList.c; sourceTree = "<group>"; };
		FD006B0E21440423004A7C1B /* monkc.h */ = {isa = PBXFileReference; lastKnownFileType = sourcecode.c.h; path = monkc.h; sourceTree = "<group>"; };
		FD62BC53219FDE110091D020 /* MCHashTable.h */ = {isa = PBXFileReference; lastKnownFileType = sourcecode.c.h; path = MCHashTable.h; sourceTree = "<group>"; };
		FD62BC54219FDE110091D020 /* MCHashTable.c */ = {isa = PBXFileReference; lastKnownFileType = sourcecode.c.c; path = MCHashTable.c; sourceTree = "<group>"; };
		FDAD62A521B6D44B004CE65A /* CMakeLists.txt */ = {isa = PBXFileReference; fileEncoding = 4; lastKnownFileType = text; path = CMakeLists.txt; sourceTree = "<group>"; };
		FDAD62A621B6D44B004CE65A /* MCArray.h */ = {isa = PBXFileReference; fileEncoding = 4; lastKnownFileType = sourcecode.c.h; path = MCArray.h; sourceTree = "<group>"; };
		FDAD62A721B6D44B004CE65A /* MCArray.c */ = {isa = PBXFileReference; fileEncoding = 4; lastKnownFileType = sourcecode.c.c; path = MCArray.c; sourceTree = "<group>"; };
		FDD61512214395FF0058CAAA /* MCObject.h */ = {isa = PBXFileReference; lastKnownFileType = sourcecode.c.h; path = MCObject.h; sourceTree = "<group>"; };
		FDD61513214395FF0058CAAA /* MCObject.c */ = {isa = PBXFileReference; lastKnownFileType = sourcecode.c.c; path = MCObject.c; sourceTree = "<group>"; };
		FDD615152143973C0058CAAA /* MCClass.h */ = {isa = PBXFileReference; lastKnownFileType = sourcecode.c.h; path = MCClass.h; sourceTree = "<group>"; };
		FDD615162143973C0058CAAA /* MCClass.c */ = {isa = PBXFileReference; lastKnownFileType = sourcecode.c.c; path = MCClass.c; sourceTree = "<group>"; };
		FDD61518214398650058CAAA /* MCFunction.h */ = {isa = PBXFileReference; lastKnownFileType = sourcecode.c.h; path = MCFunction.h; sourceTree = "<group>"; };
		FDD61519214398650058CAAA /* MCFunction.c */ = {isa = PBXFileReference; lastKnownFileType = sourcecode.c.c; path = MCFunction.c; sourceTree = "<group>"; };
		FDE5E5FA2143863E0076D526 /* monkc3 */ = {isa = PBXFileReference; explicitFileType = "compiled.mach-o.executable"; includeInIndex = 0; path = monkc3; sourceTree = BUILT_PRODUCTS_DIR; };
		FDE5E5FD2143863E0076D526 /* main.c */ = {isa = PBXFileReference; lastKnownFileType = sourcecode.c.c; path = main.c; sourceTree = "<group>"; };
		FDE5E607214386830076D526 /* Fish.h */ = {isa = PBXFileReference; lastKnownFileType = sourcecode.c.h; path = Fish.h; sourceTree = "<group>"; };
		FDE5E608214386830076D526 /* Fish.c */ = {isa = PBXFileReference; lastKnownFileType = sourcecode.c.c; path = Fish.c; sourceTree = "<group>"; };
		FDE5E60A21438E410076D526 /* Cell.h */ = {isa = PBXFileReference; lastKnownFileType = sourcecode.c.h; path = Cell.h; sourceTree = "<group>"; };
		FDE5E60B21438E410076D526 /* Cell.c */ = {isa = PBXFileReference; lastKnownFileType = sourcecode.c.c; path = Cell.c; sourceTree = "<group>"; };
/* End PBXFileReference section */

/* Begin PBXFrameworksBuildPhase section */
		FDE5E5F72143863E0076D526 /* Frameworks */ = {
			isa = PBXFrameworksBuildPhase;
			buildActionMask = 2147483647;
			files = (
			);
			runOnlyForDeploymentPostprocessing = 0;
		};
/* End PBXFrameworksBuildPhase section */

/* Begin PBXGroup section */
		FD62BC51219FDCFA0091D020 /* app */ = {
			isa = PBXGroup;
			children = (
				FDE5E60B21438E410076D526 /* Cell.c */,
				FDE5E5FD2143863E0076D526 /* main.c */,
				FDE5E607214386830076D526 /* Fish.h */,
				FDE5E608214386830076D526 /* Fish.c */,
				FDE5E60A21438E410076D526 /* Cell.h */,
			);
			path = app;
			sourceTree = "<group>";
		};
		FD62BC52219FDD1E0091D020 /* runtime */ = {
			isa = PBXGroup;
			children = (
				FDD61512214395FF0058CAAA /* MCObject.h */,
				FDD61513214395FF0058CAAA /* MCObject.c */,
				FDD615152143973C0058CAAA /* MCClass.h */,
				FDD615162143973C0058CAAA /* MCClass.c */,
				FDD61518214398650058CAAA /* MCFunction.h */,
				FDD61519214398650058CAAA /* MCFunction.c */,
				FD006B022143E22A004A7C1B /* MCLock.h */,
				FD006B032143E22A004A7C1B /* MCLock.c */,
				FD006B052143F763004A7C1B /* MCMem.h */,
				FD006B062143F763004A7C1B /* MCMem.c */,
				FD006B082143F816004A7C1B /* MCType.h */,
				FD006B092143F816004A7C1B /* MCType.c */,
				FD006B0B2143FAFC004A7C1B /* MCLinkedList.h */,
				FD006B0C2143FAFC004A7C1B /* MCLinkedList.c */,
				FD006B0E21440423004A7C1B /* monkc.h */,
				FD62BC53219FDE110091D020 /* MCHashTable.h */,
				FD62BC54219FDE110091D020 /* MCHashTable.c */,
			);
			path = runtime;
			sourceTree = "<group>";
		};
		FDAD62A421B6D44B004CE65A /* stdlib */ = {
			isa = PBXGroup;
			children = (
				FDAD62A521B6D44B004CE65A /* CMakeLists.txt */,
				FDAD62A621B6D44B004CE65A /* MCArray.h */,
				FDAD62A721B6D44B004CE65A /* MCArray.c */,
			);
			name = stdlib;
			path = monkc3/stdlib;
			sourceTree = SOURCE_ROOT;
		};
		FDE5E5F12143863E0076D526 = {
			isa = PBXGroup;
			children = (
				FDE5E5FC2143863E0076D526 /* monkc3 */,
				FDE5E5FB2143863E0076D526 /* Products */,
			);
			sourceTree = "<group>";
		};
		FDE5E5FB2143863E0076D526 /* Products */ = {
			isa = PBXGroup;
			children = (
				FDE5E5FA2143863E0076D526 /* monkc3 */,
			);
			name = Products;
			sourceTree = "<group>";
		};
		FDE5E5FC2143863E0076D526 /* monkc3 */ = {
			isa = PBXGroup;
			children = (
				FD62BC52219FDD1E0091D020 /* runtime */,
				FDAD62A421B6D44B004CE65A /* stdlib */,
				FD62BC51219FDCFA0091D020 /* app */,
			);
			path = monkc3;
			sourceTree = "<group>";
		};
/* End PBXGroup section */

/* Begin PBXNativeTarget section */
		FDE5E5F92143863E0076D526 /* monkc3 */ = {
			isa = PBXNativeTarget;
			buildConfigurationList = FDE5E6012143863E0076D526 /* Build configuration list for PBXNativeTarget "monkc3" */;
			buildPhases = (
				FDE5E5F62143863E0076D526 /* Sources */,
				FDE5E5F72143863E0076D526 /* Frameworks */,
				FDE5E5F82143863E0076D526 /* CopyFiles */,
			);
			buildRules = (
			);
			dependencies = (
			);
			name = monkc3;
			productName = monkc3;
			productReference = FDE5E5FA2143863E0076D526 /* monkc3 */;
			productType = "com.apple.product-type.tool";
		};
/* End PBXNativeTarget section */

/* Begin PBXProject section */
		FDE5E5F22143863E0076D526 /* Project object */ = {
			isa = PBXProject;
			attributes = {
				LastUpgradeCheck = 0940;
				ORGANIZATIONNAME = oreisoft;
				TargetAttributes = {
					FDE5E5F92143863E0076D526 = {
						CreatedOnToolsVersion = 9.4.1;
					};
				};
			};
			buildConfigurationList = FDE5E5F52143863E0076D526 /* Build configuration list for PBXProject "monkc3" */;
			compatibilityVersion = "Xcode 9.3";
			developmentRegion = en;
			hasScannedForEncodings = 0;
			knownRegions = (
				en,
			);
			mainGroup = FDE5E5F12143863E0076D526;
			productRefGroup = FDE5E5FB2143863E0076D526 /* Products */;
			projectDirPath = "";
			projectRoot = "";
			targets = (
				FDE5E5F92143863E0076D526 /* monkc3 */,
			);
		};
/* End PBXProject section */

/* Begin PBXSourcesBuildPhase section */
		FDE5E5F62143863E0076D526 /* Sources */ = {
			isa = PBXSourcesBuildPhase;
			buildActionMask = 2147483647;
			files = (
				FDD615172143973C0058CAAA /* MCClass.c in Sources */,
				FD62BC55219FDE110091D020 /* MCHashTable.c in Sources */,
				FDE5E609214386830076D526 /* Fish.c in Sources */,
				FD006B042143E22A004A7C1B /* MCLock.c in Sources */,
				FDD6151A214398650058CAAA /* MCFunction.c in Sources */,
				FDAD62A821B6D44B004CE65A /* MCArray.c in Sources */,
				FDE5E5FE2143863E0076D526 /* main.c in Sources */,
				FD006B0A2143F816004A7C1B /* MCType.c in Sources */,
				FDD61514214395FF0058CAAA /* MCObject.c in Sources */,
				FDE5E60C21438E410076D526 /* Cell.c in Sources */,
				FD006B0D2143FAFC004A7C1B /* MCLinkedList.c in Sources */,
				FD006B072143F763004A7C1B /* MCMem.c in Sources */,
			);
			runOnlyForDeploymentPostprocessing = 0;
		};
/* End PBXSourcesBuildPhase section */

/* Begin XCBuildConfiguration section */
		FDE5E5FF2143863E0076D526 /* Debug */ = {
			isa = XCBuildConfiguration;
			buildSettings = {
				ALWAYS_SEARCH_USER_PATHS = NO;
				CLANG_ANALYZER_NONNULL = YES;
				CLANG_ANALYZER_NUMBER_OBJECT_CONVERSION = YES_AGGRESSIVE;
				CLANG_CXX_LANGUAGE_STANDARD = "gnu++14";
				CLANG_CXX_LIBRARY = "libc++";
				CLANG_ENABLE_MODULES = YES;
				CLANG_ENABLE_OBJC_ARC = YES;
				CLANG_ENABLE_OBJC_WEAK = YES;
				CLANG_WARN_BLOCK_CAPTURE_AUTORELEASING = YES;
				CLANG_WARN_BOOL_CONVERSION = YES;
				CLANG_WARN_COMMA = YES;
				CLANG_WARN_CONSTANT_CONVERSION = YES;
				CLANG_WARN_DEPRECATED_OBJC_IMPLEMENTATIONS = YES;
				CLANG_WARN_DIRECT_OBJC_ISA_USAGE = YES_ERROR;
				CLANG_WARN_DOCUMENTATION_COMMENTS = YES;
				CLANG_WARN_EMPTY_BODY = YES;
				CLANG_WARN_ENUM_CONVERSION = YES;
				CLANG_WARN_INFINITE_RECURSION = YES;
				CLANG_WARN_INT_CONVERSION = YES;
				CLANG_WARN_NON_LITERAL_NULL_CONVERSION = YES;
				CLANG_WARN_OBJC_IMPLICIT_RETAIN_SELF = YES;
				CLANG_WARN_OBJC_LITERAL_CONVERSION = YES;
				CLANG_WARN_OBJC_ROOT_CLASS = YES_ERROR;
				CLANG_WARN_RANGE_LOOP_ANALYSIS = YES;
				CLANG_WARN_STRICT_PROTOTYPES = YES;
				CLANG_WARN_SUSPICIOUS_MOVE = YES;
				CLANG_WARN_UNGUARDED_AVAILABILITY = YES_AGGRESSIVE;
				CLANG_WARN_UNREACHABLE_CODE = YES;
				CLANG_WARN__DUPLICATE_METHOD_MATCH = YES;
				CODE_SIGN_IDENTITY = "Mac Developer";
				COPY_PHASE_STRIP = NO;
				DEBUG_INFORMATION_FORMAT = dwarf;
				ENABLE_STRICT_OBJC_MSGSEND = YES;
				ENABLE_TESTABILITY = YES;
				GCC_C_LANGUAGE_STANDARD = ansi;
				GCC_DYNAMIC_NO_PIC = NO;
				GCC_INPUT_FILETYPE = sourcecode.c.c;
				GCC_NO_COMMON_BLOCKS = YES;
				GCC_OPTIMIZATION_LEVEL = 0;
				GCC_PREPROCESSOR_DEFINITIONS = (
					"DEBUG=1",
					"$(inherited)",
				);
				GCC_WARN_64_TO_32_BIT_CONVERSION = YES;
				GCC_WARN_ABOUT_RETURN_TYPE = YES_ERROR;
				GCC_WARN_UNDECLARED_SELECTOR = YES;
				GCC_WARN_UNINITIALIZED_AUTOS = YES_AGGRESSIVE;
				GCC_WARN_UNUSED_FUNCTION = YES;
				GCC_WARN_UNUSED_VARIABLE = YES;
				MACOSX_DEPLOYMENT_TARGET = 10.13;
				MTL_ENABLE_DEBUG_INFO = YES;
				ONLY_ACTIVE_ARCH = YES;
				SDKROOT = macosx;
			};
			name = Debug;
		};
		FDE5E6002143863E0076D526 /* Release */ = {
			isa = XCBuildConfiguration;
			buildSettings = {
				ALWAYS_SEARCH_USER_PATHS = NO;
				CLANG_ANALYZER_NONNULL = YES;
				CLANG_ANALYZER_NUMBER_OBJECT_CONVERSION = YES_AGGRESSIVE;
				CLANG_CXX_LANGUAGE_STANDARD = "gnu++14";
				CLANG_CXX_LIBRARY = "libc++";
				CLANG_ENABLE_MODULES = YES;
				CLANG_ENABLE_OBJC_ARC = YES;
				CLANG_ENABLE_OBJC_WEAK = YES;
				CLANG_WARN_BLOCK_CAPTURE_AUTORELEASING = YES;
				CLANG_WARN_BOOL_CONVERSION = YES;
				CLANG_WARN_COMMA = YES;
				CLANG_WARN_CONSTANT_CONVERSION = YES;
				CLANG_WARN_DEPRECATED_OBJC_IMPLEMENTATIONS = YES;
				CLANG_WARN_DIRECT_OBJC_ISA_USAGE = YES_ERROR;
				CLANG_WARN_DOCUMENTATION_COMMENTS = YES;
				CLANG_WARN_EMPTY_BODY = YES;
				CLANG_WARN_ENUM_CONVERSION = YES;
				CLANG_WARN_INFINITE_RECURSION = YES;
				CLANG_WARN_INT_CONVERSION = YES;
				CLANG_WARN_NON_LITERAL_NULL_CONVERSION = YES;
				CLANG_WARN_OBJC_IMPLICIT_RETAIN_SELF = YES;
				CLANG_WARN_OBJC_LITERAL_CONVERSION = YES;
				CLANG_WARN_OBJC_ROOT_CLASS = YES_ERROR;
				CLANG_WARN_RANGE_LOOP_ANALYSIS = YES;
				CLANG_WARN_STRICT_PROTOTYPES = YES;
				CLANG_WARN_SUSPICIOUS_MOVE = YES;
				CLANG_WARN_UNGUARDED_AVAILABILITY = YES_AGGRESSIVE;
				CLANG_WARN_UNREACHABLE_CODE = YES;
				CLANG_WARN__DUPLICATE_METHOD_MATCH = YES;
				CODE_SIGN_IDENTITY = "Mac Developer";
				COPY_PHASE_STRIP = NO;
				DEBUG_INFORMATION_FORMAT = "dwarf-with-dsym";
				ENABLE_NS_ASSERTIONS = NO;
				ENABLE_STRICT_OBJC_MSGSEND = YES;
				GCC_C_LANGUAGE_STANDARD = ansi;
				GCC_INPUT_FILETYPE = sourcecode.c.c;
				GCC_NO_COMMON_BLOCKS = YES;
				GCC_WARN_64_TO_32_BIT_CONVERSION = YES;
				GCC_WARN_ABOUT_RETURN_TYPE = YES_ERROR;
				GCC_WARN_UNDECLARED_SELECTOR = YES;
				GCC_WARN_UNINITIALIZED_AUTOS = YES_AGGRESSIVE;
				GCC_WARN_UNUSED_FUNCTION = YES;
				GCC_WARN_UNUSED_VARIABLE = YES;
				MACOSX_DEPLOYMENT_TARGET = 10.13;
				MTL_ENABLE_DEBUG_INFO = NO;
				SDKROOT = macosx;
			};
			name = Release;
		};
		FDE5E6022143863E0076D526 /* Debug */ = {
			isa = XCBuildConfiguration;
			buildSettings = {
				CLANG_ENABLE_OBJC_ARC = NO;
				CLANG_WARN_DIRECT_OBJC_ISA_USAGE = NO;
				CODE_SIGN_STYLE = Automatic;
				DEVELOPMENT_TEAM = R7BTEXA73U;
				GCC_C_LANGUAGE_STANDARD = ansi;
				GCC_INPUT_FILETYPE = sourcecode.c.c;
				PRODUCT_NAME = "$(TARGET_NAME)";
			};
			name = Debug;
		};
		FDE5E6032143863E0076D526 /* Release */ = {
			isa = XCBuildConfiguration;
			buildSettings = {
				CLANG_ENABLE_OBJC_ARC = NO;
				CLANG_WARN_DIRECT_OBJC_ISA_USAGE = NO;
				CODE_SIGN_STYLE = Automatic;
				DEVELOPMENT_TEAM = R7BTEXA73U;
				GCC_C_LANGUAGE_STANDARD = ansi;
				GCC_INPUT_FILETYPE = sourcecode.c.c;
				PRODUCT_NAME = "$(TARGET_NAME)";
			};
			name = Release;
		};
/* End XCBuildConfiguration section */

/* Begin XCConfigurationList section */
		FDE5E5F52143863E0076D526 /* Build configuration list for PBXProject "monkc3" */ = {
			isa = XCConfigurationList;
			buildConfigurations = (
				FDE5E5FF2143863E0076D526 /* Debug */,
				FDE5E6002143863E0076D526 /* Release */,
			);
			defaultConfigurationIsVisible = 0;
			defaultConfigurationName = Release;
		};
		FDE5E6012143863E0076D526 /* Build configuration list for PBXNativeTarget "monkc3" */ = {
			isa = XCConfigurationList;
			buildConfigurations = (
				FDE5E6022143863E0076D526 /* Debug */,
				FDE5E6032143863E0076D526 /* Release */,
			);
			defaultConfigurationIsVisible = 0;
			defaultConfigurationName = Release;
		};
/* End XCConfigurationList section */
	};
	rootObject = FDE5E5F22143863E0076D526 /* Project object */;
}
