// !$*UTF8*$!
{
	archiveVersion = 1;
	classes = {
	};
	objectVersion = 50;
	objects = {

/* Begin PBXBuildFile section */
		FD1E89FA21E650480091EB74 /* Fish.c in Sources */ = {isa = PBXBuildFile; fileRef = FD1E893B21E650480091EB74 /* Fish.c */; };
		FD1E89FB21E650480091EB74 /* main.c in Sources */ = {isa = PBXBuildFile; fileRef = FD1E893C21E650480091EB74 /* main.c */; };
		FD1E89FC21E650480091EB74 /* Cell.c in Sources */ = {isa = PBXBuildFile; fileRef = FD1E893D21E650480091EB74 /* Cell.c */; };
		FD1E8A0621E650480091EB74 /* MCException.c in Sources */ = {isa = PBXBuildFile; fileRef = FD1E897921E650480091EB74 /* MCException.c */; };
		FD1E8A0721E650480091EB74 /* MCBits.c in Sources */ = {isa = PBXBuildFile; fileRef = FD1E897A21E650480091EB74 /* MCBits.c */; };
		FD1E8A0821E650480091EB74 /* MCSocket.c in Sources */ = {isa = PBXBuildFile; fileRef = FD1E897B21E650480091EB74 /* MCSocket.c */; };
		FD1E8A0921E650480091EB74 /* MCSet.c in Sources */ = {isa = PBXBuildFile; fileRef = FD1E897D21E650480091EB74 /* MCSet.c */; };
		FD1E8A0A21E650480091EB74 /* MCGraph.c in Sources */ = {isa = PBXBuildFile; fileRef = FD1E897E21E650480091EB74 /* MCGraph.c */; };
		FD1E8A0B21E650480091EB74 /* MCString.c in Sources */ = {isa = PBXBuildFile; fileRef = FD1E897F21E650480091EB74 /* MCString.c */; };
		FD1E8A0C21E650480091EB74 /* MCArrayList.c in Sources */ = {isa = PBXBuildFile; fileRef = FD1E898021E650480091EB74 /* MCArrayList.c */; };
		FD1E8A0D21E650480091EB74 /* MCSort.c in Sources */ = {isa = PBXBuildFile; fileRef = FD1E898221E650480091EB74 /* MCSort.c */; };
		FD1E8A0E21E650480091EB74 /* MCMem.c in Sources */ = {isa = PBXBuildFile; fileRef = FD1E898621E650480091EB74 /* MCMem.c */; };
		FD1E8A0F21E650480091EB74 /* MCIO.c in Sources */ = {isa = PBXBuildFile; fileRef = FD1E898721E650480091EB74 /* MCIO.c */; };
		FD1E8A2E21E650480091EB74 /* MCHeap.c in Sources */ = {isa = PBXBuildFile; fileRef = FD1E89B721E650480091EB74 /* MCHeap.c */; };
		FD1E8A3021E650480091EB74 /* MCMath.c in Sources */ = {isa = PBXBuildFile; fileRef = FD1E89BA21E650480091EB74 /* MCMath.c */; };
		FD1E8A3121E650480091EB74 /* MCContext.c in Sources */ = {isa = PBXBuildFile; fileRef = FD1E89BB21E650480091EB74 /* MCContext.c */; };
		FD1E8A3221E650480091EB74 /* MCObject.c in Sources */ = {isa = PBXBuildFile; fileRef = FD1E89BD21E650480091EB74 /* MCObject.c */; };
		FD1E8A3321E650480091EB74 /* MCBuffer.c in Sources */ = {isa = PBXBuildFile; fileRef = FD1E89C021E650480091EB74 /* MCBuffer.c */; };
		FD1E8A3421E650480091EB74 /* MCUnitTest.c in Sources */ = {isa = PBXBuildFile; fileRef = FD1E89C221E650480091EB74 /* MCUnitTest.c */; };
		FD1E8A3521E650480091EB74 /* MCLog.c in Sources */ = {isa = PBXBuildFile; fileRef = FD1E89C321E650480091EB74 /* MCLog.c */; };
		FD1E8A3621E650480091EB74 /* MCThread.c in Sources */ = {isa = PBXBuildFile; fileRef = FD1E89C421E650480091EB74 /* MCThread.c */; };
		FD1E8A3721E650480091EB74 /* MCClock.c in Sources */ = {isa = PBXBuildFile; fileRef = FD1E89C721E650480091EB74 /* MCClock.c */; };
		FD1E8A3821E650480091EB74 /* MCTree.c in Sources */ = {isa = PBXBuildFile; fileRef = FD1E89CB21E650480091EB74 /* MCTree.c */; };
		FD1E8A3A21E650480091EB74 /* MCProcess.c in Sources */ = {isa = PBXBuildFile; fileRef = FD1E89D121E650480091EB74 /* MCProcess.c */; };
		FD1E8A3C21E650480091EB74 /* MCGeometry.c in Sources */ = {isa = PBXBuildFile; fileRef = FD1E89D521E650480091EB74 /* MCGeometry.c */; };
		FD1E8A3D21E650480091EB74 /* MCArray.c in Sources */ = {isa = PBXBuildFile; fileRef = FD1E89D621E650480091EB74 /* MCArray.c */; };
		FD1E8A3E21E650480091EB74 /* MCLinkedList.c in Sources */ = {isa = PBXBuildFile; fileRef = FD1E89D821E650480091EB74 /* MCLinkedList.c */; };
		FD1E8A3F21E650480091EB74 /* MCFunction.c in Sources */ = {isa = PBXBuildFile; fileRef = FD1E89DA21E650480091EB74 /* MCFunction.c */; };
		FD1E8A4021E650480091EB74 /* MCClass.c in Sources */ = {isa = PBXBuildFile; fileRef = FD1E89DD21E650480091EB74 /* MCClass.c */; };
		FD1E8A4121E650480091EB74 /* MCMap.c in Sources */ = {isa = PBXBuildFile; fileRef = FD1E89DE21E650480091EB74 /* MCMap.c */; };
		FD1E8A4221E650480091EB74 /* MCHashTable.c in Sources */ = {isa = PBXBuildFile; fileRef = FD1E89DF21E650480091EB74 /* MCHashTable.c */; };
		FD1E8A4321E650480091EB74 /* MCType.c in Sources */ = {isa = PBXBuildFile; fileRef = FD1E89E821E650480091EB74 /* MCType.c */; };
		FD9FDD0F27C6386E003336F0 /* testcase.c in Sources */ = {isa = PBXBuildFile; fileRef = FD9FDD0E27C6386E003336F0 /* testcase.c */; };
/* End PBXBuildFile section */

/* Begin PBXCopyFilesBuildPhase section */
		FDE5E5F82143863E0076D526 /* CopyFiles */ = {
			isa = PBXCopyFilesBuildPhase;
			buildActionMask = 2147483647;
			dstPath = /usr/share/man/man1/;
			dstSubfolderSpec = 0;
			files = (
			);
			runOnlyForDeploymentPostprocessing = 1;
		};
/* End PBXCopyFilesBuildPhase section */

/* Begin PBXFileReference section */
		FD1E893921E650480091EB74 /* Cell.h */ = {isa = PBXFileReference; fileEncoding = 4; lastKnownFileType = sourcecode.c.h; path = Cell.h; sourceTree = "<group>"; };
		FD1E893B21E650480091EB74 /* Fish.c */ = {isa = PBXFileReference; fileEncoding = 4; lastKnownFileType = sourcecode.c.c; path = Fish.c; sourceTree = "<group>"; };
		FD1E893C21E650480091EB74 /* main.c */ = {isa = PBXFileReference; fileEncoding = 4; lastKnownFileType = sourcecode.c.c; path = main.c; sourceTree = "<group>"; };
		FD1E893D21E650480091EB74 /* Cell.c */ = {isa = PBXFileReference; fileEncoding = 4; lastKnownFileType = sourcecode.c.c; path = Cell.c; sourceTree = "<group>"; };
		FD1E893E21E650480091EB74 /* Fish.h */ = {isa = PBXFileReference; fileEncoding = 4; lastKnownFileType = sourcecode.c.h; path = Fish.h; sourceTree = "<group>"; };
		FD1E897921E650480091EB74 /* MCException.c */ = {isa = PBXFileReference; fileEncoding = 4; lastKnownFileType = sourcecode.c.c; path = MCException.c; sourceTree = "<group>"; };
		FD1E897A21E650480091EB74 /* MCBits.c */ = {isa = PBXFileReference; fileEncoding = 4; lastKnownFileType = sourcecode.c.c; path = MCBits.c; sourceTree = "<group>"; };
		FD1E897B21E650480091EB74 /* MCSocket.c */ = {isa = PBXFileReference; fileEncoding = 4; lastKnownFileType = sourcecode.c.c; path = MCSocket.c; sourceTree = "<group>"; };
		FD1E897C21E650480091EB74 /* MCTree.h */ = {isa = PBXFileReference; fileEncoding = 4; lastKnownFileType = sourcecode.c.h; path = MCTree.h; sourceTree = "<group>"; };
		FD1E897D21E650480091EB74 /* MCSet.c */ = {isa = PBXFileReference; fileEncoding = 4; lastKnownFileType = sourcecode.c.c; path = MCSet.c; sourceTree = "<group>"; };
		FD1E897E21E650480091EB74 /* MCGraph.c */ = {isa = PBXFileReference; fileEncoding = 4; lastKnownFileType = sourcecode.c.c; path = MCGraph.c; sourceTree = "<group>"; };
		FD1E897F21E650480091EB74 /* MCString.c */ = {isa = PBXFileReference; fileEncoding = 4; lastKnownFileType = sourcecode.c.c; path = MCString.c; sourceTree = "<group>"; };
		FD1E898021E650480091EB74 /* MCArrayList.c */ = {isa = PBXFileReference; fileEncoding = 4; lastKnownFileType = sourcecode.c.c; path = MCArrayList.c; sourceTree = "<group>"; };
		FD1E898121E650480091EB74 /* MCClock.h */ = {isa = PBXFileReference; fileEncoding = 4; lastKnownFileType = sourcecode.c.h; path = MCClock.h; sourceTree = "<group>"; };
		FD1E898221E650480091EB74 /* MCSort.c */ = {isa = PBXFileReference; fileEncoding = 4; lastKnownFileType = sourcecode.c.c; path = MCSort.c; sourceTree = "<group>"; };
		FD1E898521E650480091EB74 /* MCProcess.h */ = {isa = PBXFileReference; fileEncoding = 4; lastKnownFileType = sourcecode.c.h; path = MCProcess.h; sourceTree = "<group>"; };
		FD1E898621E650480091EB74 /* MCMem.c */ = {isa = PBXFileReference; fileEncoding = 4; lastKnownFileType = sourcecode.c.c; path = MCMem.c; sourceTree = "<group>"; };
		FD1E898721E650480091EB74 /* MCIO.c */ = {isa = PBXFileReference; fileEncoding = 4; lastKnownFileType = sourcecode.c.c; path = MCIO.c; sourceTree = "<group>"; };
		FD1E89B421E650480091EB74 /* MCFunction.h */ = {isa = PBXFileReference; fileEncoding = 4; lastKnownFileType = sourcecode.c.h; path = MCFunction.h; sourceTree = "<group>"; };
		FD1E89B521E650480091EB74 /* MCMap.h */ = {isa = PBXFileReference; fileEncoding = 4; lastKnownFileType = sourcecode.c.h; path = MCMap.h; sourceTree = "<group>"; };
		FD1E89B621E650480091EB74 /* MCClass.h */ = {isa = PBXFileReference; fileEncoding = 4; lastKnownFileType = sourcecode.c.h; path = MCClass.h; sourceTree = "<group>"; };
		FD1E89B721E650480091EB74 /* MCHeap.c */ = {isa = PBXFileReference; fileEncoding = 4; lastKnownFileType = sourcecode.c.c; path = MCHeap.c; sourceTree = "<group>"; };
		FD1E89B921E650480091EB74 /* MCLinkedList.h */ = {isa = PBXFileReference; fileEncoding = 4; lastKnownFileType = sourcecode.c.h; path = MCLinkedList.h; sourceTree = "<group>"; };
		FD1E89BA21E650480091EB74 /* MCMath.c */ = {isa = PBXFileReference; fileEncoding = 4; lastKnownFileType = sourcecode.c.c; path = MCMath.c; sourceTree = "<group>"; };
		FD1E89BB21E650480091EB74 /* MCContext.c */ = {isa = PBXFileReference; fileEncoding = 4; lastKnownFileType = sourcecode.c.c; path = MCContext.c; sourceTree = "<group>"; };
		FD1E89BC21E650480091EB74 /* MCArray.h */ = {isa = PBXFileReference; fileEncoding = 4; lastKnownFileType = sourcecode.c.h; path = MCArray.h; sourceTree = "<group>"; };
		FD1E89BD21E650480091EB74 /* MCObject.c */ = {isa = PBXFileReference; fileEncoding = 4; lastKnownFileType = sourcecode.c.c; path = MCObject.c; sourceTree = "<group>"; };
		FD1E89BE21E650480091EB74 /* MCGeometry.h */ = {isa = PBXFileReference; fileEncoding = 4; lastKnownFileType = sourcecode.c.h; path = MCGeometry.h; sourceTree = "<group>"; };
		FD1E89C021E650480091EB74 /* MCBuffer.c */ = {isa = PBXFileReference; fileEncoding = 4; lastKnownFileType = sourcecode.c.c; path = MCBuffer.c; sourceTree = "<group>"; };
		FD1E89C121E650480091EB74 /* MCType.h */ = {isa = PBXFileReference; fileEncoding = 4; lastKnownFileType = sourcecode.c.h; path = MCType.h; sourceTree = "<group>"; };
		FD1E89C221E650480091EB74 /* MCUnitTest.c */ = {isa = PBXFileReference; fileEncoding = 4; lastKnownFileType = sourcecode.c.c; path = MCUnitTest.c; sourceTree = "<group>"; };
		FD1E89C321E650480091EB74 /* MCLog.c */ = {isa = PBXFileReference; fileEncoding = 4; lastKnownFileType = sourcecode.c.c; path = MCLog.c; sourceTree = "<group>"; };
		FD1E89C421E650480091EB74 /* MCThread.c */ = {isa = PBXFileReference; fileEncoding = 4; lastKnownFileType = sourcecode.c.c; path = MCThread.c; sourceTree = "<group>"; };
		FD1E89C521E650480091EB74 /* MCHashTable.h */ = {isa = PBXFileReference; fileEncoding = 4; lastKnownFileType = sourcecode.c.h; path = MCHashTable.h; sourceTree = "<group>"; };
		FD1E89C621E650480091EB74 /* MCString.h */ = {isa = PBXFileReference; fileEncoding = 4; lastKnownFileType = sourcecode.c.h; path = MCString.h; sourceTree = "<group>"; };
		FD1E89C721E650480091EB74 /* MCClock.c */ = {isa = PBXFileReference; fileEncoding = 4; lastKnownFileType = sourcecode.c.c; path = MCClock.c; sourceTree = "<group>"; };
		FD1E89C821E650480091EB74 /* MCArrayList.h */ = {isa = PBXFileReference; fileEncoding = 4; lastKnownFileType = sourcecode.c.h; path = MCArrayList.h; sourceTree = "<group>"; };
		FD1E89C921E650480091EB74 /* MCGraph.h */ = {isa = PBXFileReference; fileEncoding = 4; lastKnownFileType = sourcecode.c.h; path = MCGraph.h; sourceTree = "<group>"; };
		FD1E89CA21E650480091EB74 /* MCSet.h */ = {isa = PBXFileReference; fileEncoding = 4; lastKnownFileType = sourcecode.c.h; path = MCSet.h; sourceTree = "<group>"; };
		FD1E89CB21E650480091EB74 /* MCTree.c */ = {isa = PBXFileReference; fileEncoding = 4; lastKnownFileType = sourcecode.c.c; path = MCTree.c; sourceTree = "<group>"; };
		FD1E89CC21E650480091EB74 /* MCSocket.h */ = {isa = PBXFileReference; fileEncoding = 4; lastKnownFileType = sourcecode.c.h; path = MCSocket.h; sourceTree = "<group>"; };
		FD1E89CD21E650480091EB74 /* MCBits.h */ = {isa = PBXFileReference; fileEncoding = 4; lastKnownFileType = sourcecode.c.h; path = MCBits.h; sourceTree = "<group>"; };
		FD1E89CE21E650480091EB74 /* MCException.h */ = {isa = PBXFileReference; fileEncoding = 4; lastKnownFileType = sourcecode.c.h; path = MCException.h; sourceTree = "<group>"; };
		FD1E89CF21E650480091EB74 /* MCMem.h */ = {isa = PBXFileReference; fileEncoding = 4; lastKnownFileType = sourcecode.c.h; path = MCMem.h; sourceTree = "<group>"; };
		FD1E89D121E650480091EB74 /* MCProcess.c */ = {isa = PBXFileReference; fileEncoding = 4; lastKnownFileType = sourcecode.c.c; path = MCProcess.c; sourceTree = "<group>"; };
		FD1E89D221E650480091EB74 /* MCSort.h */ = {isa = PBXFileReference; fileEncoding = 4; lastKnownFileType = sourcecode.c.h; path = MCSort.h; sourceTree = "<group>"; };
		FD1E89D421E650480091EB74 /* MCObject.h */ = {isa = PBXFileReference; fileEncoding = 4; lastKnownFileType = sourcecode.c.h; path = MCObject.h; sourceTree = "<group>"; };
		FD1E89D521E650480091EB74 /* MCGeometry.c */ = {isa = PBXFileReference; fileEncoding = 4; lastKnownFileType = sourcecode.c.c; path = MCGeometry.c; sourceTree = "<group>"; };
		FD1E89D621E650480091EB74 /* MCArray.c */ = {isa = PBXFileReference; fileEncoding = 4; lastKnownFileType = sourcecode.c.c; path = MCArray.c; sourceTree = "<group>"; };
		FD1E89D721E650480091EB74 /* MCContext.h */ = {isa = PBXFileReference; fileEncoding = 4; lastKnownFileType = sourcecode.c.h; path = MCContext.h; sourceTree = "<group>"; };
		FD1E89D821E650480091EB74 /* MCLinkedList.c */ = {isa = PBXFileReference; fileEncoding = 4; lastKnownFileType = sourcecode.c.c; path = MCLinkedList.c; sourceTree = "<group>"; };
		FD1E89D921E650480091EB74 /* MCMath.h */ = {isa = PBXFileReference; fileEncoding = 4; lastKnownFileType = sourcecode.c.h; path = MCMath.h; sourceTree = "<group>"; };
		FD1E89DA21E650480091EB74 /* MCFunction.c */ = {isa = PBXFileReference; fileEncoding = 4; lastKnownFileType = sourcecode.c.c; path = MCFunction.c; sourceTree = "<group>"; };
		FD1E89DB21E650480091EB74 /* MCIO.h */ = {isa = PBXFileReference; fileEncoding = 4; lastKnownFileType = sourcecode.c.h; path = MCIO.h; sourceTree = "<group>"; };
		FD1E89DC21E650480091EB74 /* MCHeap.h */ = {isa = PBXFileReference; fileEncoding = 4; lastKnownFileType = sourcecode.c.h; path = MCHeap.h; sourceTree = "<group>"; };
		FD1E89DD21E650480091EB74 /* MCClass.c */ = {isa = PBXFileReference; fileEncoding = 4; lastKnownFileType = sourcecode.c.c; path = MCClass.c; sourceTree = "<group>"; };
		FD1E89DE21E650480091EB74 /* MCMap.c */ = {isa = PBXFileReference; fileEncoding = 4; lastKnownFileType = sourcecode.c.c; path = MCMap.c; sourceTree = "<group>"; };
		FD1E89DF21E650480091EB74 /* MCHashTable.c */ = {isa = PBXFileReference; fileEncoding = 4; lastKnownFileType = sourcecode.c.c; path = MCHashTable.c; sourceTree = "<group>"; };
		FD1E89E021E650480091EB74 /* MCJNI.h */ = {isa = PBXFileReference; fileEncoding = 4; lastKnownFileType = sourcecode.c.h; path = MCJNI.h; sourceTree = "<group>"; };
		FD1E89E421E650480091EB74 /* MCThread.h */ = {isa = PBXFileReference; fileEncoding = 4; lastKnownFileType = sourcecode.c.h; path = MCThread.h; sourceTree = "<group>"; };
		FD1E89E521E650480091EB74 /* MCLog.h */ = {isa = PBXFileReference; fileEncoding = 4; lastKnownFileType = sourcecode.c.h; path = MCLog.h; sourceTree = "<group>"; };
		FD1E89E621E650480091EB74 /* monkc.h */ = {isa = PBXFileReference; fileEncoding = 4; lastKnownFileType = sourcecode.c.h; path = monkc.h; sourceTree = "<group>"; };
		FD1E89E721E650480091EB74 /* MCUnitTest.h */ = {isa = PBXFileReference; fileEncoding = 4; lastKnownFileType = sourcecode.c.h; path = MCUnitTest.h; sourceTree = "<group>"; };
		FD1E89E821E650480091EB74 /* MCType.c */ = {isa = PBXFileReference; fileEncoding = 4; lastKnownFileType = sourcecode.c.c; path = MCType.c; sourceTree = "<group>"; };
		FD1E89E921E650480091EB74 /* MCBuffer.h */ = {isa = PBXFileReference; fileEncoding = 4; lastKnownFileType = sourcecode.c.h; path = MCBuffer.h; sourceTree = "<group>"; };
		FD9FDD0D27C6386E003336F0 /* testcase.h */ = {isa = PBXFileReference; lastKnownFileType = sourcecode.c.h; path = testcase.h; sourceTree = "<group>"; };
		FD9FDD0E27C6386E003336F0 /* testcase.c */ = {isa = PBXFileReference; lastKnownFileType = sourcecode.c.c; path = testcase.c; sourceTree = "<group>"; };
		FDE5E5FA2143863E0076D526 /* monkc3 */ = {isa = PBXFileReference; explicitFileType = "compiled.mach-o.executable"; includeInIndex = 0; path = monkc3; sourceTree = BUILT_PRODUCTS_DIR; };
/* End PBXFileReference section */

/* Begin PBXFrameworksBuildPhase section */
		FDE5E5F72143863E0076D526 /* Frameworks */ = {
			isa = PBXFrameworksBuildPhase;
			buildActionMask = 2147483647;
			files = (
			);
			runOnlyForDeploymentPostprocessing = 0;
		};
/* End PBXFrameworksBuildPhase section */

/* Begin PBXGroup section */
		FD1E891D21E650470091EB74 /* monkc3 */ = {
			isa = PBXGroup;
			children = (
				FD1E892221E650470091EB74 /* app */,
				FD9FDD0B27C62BD2003336F0 /* platform */,
				FD9FDD0C27C62D6B003336F0 /* stdlib */,
				FD1E897821E650480091EB74 /* runtime */,
			);
			path = monkc3;
			sourceTree = "<group>";
		};
		FD1E892221E650470091EB74 /* app */ = {
			isa = PBXGroup;
			children = (
				FD1E893921E650480091EB74 /* Cell.h */,
				FD1E893D21E650480091EB74 /* Cell.c */,
				FD1E893E21E650480091EB74 /* Fish.h */,
				FD1E893B21E650480091EB74 /* Fish.c */,
				FD9FDD0D27C6386E003336F0 /* testcase.h */,
				FD9FDD0E27C6386E003336F0 /* testcase.c */,
				FD1E893C21E650480091EB74 /* main.c */,
			);
			path = app;
			sourceTree = "<group>";
		};
		FD1E897821E650480091EB74 /* runtime */ = {
			isa = PBXGroup;
			children = (
				FD1E89E621E650480091EB74 /* monkc.h */,
				FD1E89B621E650480091EB74 /* MCClass.h */,
				FD1E89DD21E650480091EB74 /* MCClass.c */,
				FD1E89D421E650480091EB74 /* MCObject.h */,
				FD1E89BD21E650480091EB74 /* MCObject.c */,
				FD1E89C121E650480091EB74 /* MCType.h */,
				FD1E89E821E650480091EB74 /* MCType.c */,
				FD1E89B421E650480091EB74 /* MCFunction.h */,
				FD1E89DA21E650480091EB74 /* MCFunction.c */,
				FD1E89CF21E650480091EB74 /* MCMem.h */,
				FD1E898621E650480091EB74 /* MCMem.c */,
				FD1E89C521E650480091EB74 /* MCHashTable.h */,
				FD1E89DF21E650480091EB74 /* MCHashTable.c */,
				FD1E89E521E650480091EB74 /* MCLog.h */,
				FD1E89C321E650480091EB74 /* MCLog.c */,
				FD1E89C621E650480091EB74 /* MCString.h */,
				FD1E897F21E650480091EB74 /* MCString.c */,
			);
			path = runtime;
			sourceTree = "<group>";
		};
		FD9FDD0B27C62BD2003336F0 /* platform */ = {
			isa = PBXGroup;
			children = (
				FD1E89CE21E650480091EB74 /* MCException.h */,
				FD1E897921E650480091EB74 /* MCException.c */,
				FD1E89CC21E650480091EB74 /* MCSocket.h */,
				FD1E897B21E650480091EB74 /* MCSocket.c */,
				FD1E898121E650480091EB74 /* MCClock.h */,
				FD1E89C721E650480091EB74 /* MCClock.c */,
				FD1E898521E650480091EB74 /* MCProcess.h */,
				FD1E89D121E650480091EB74 /* MCProcess.c */,
				FD1E89E421E650480091EB74 /* MCThread.h */,
				FD1E89C421E650480091EB74 /* MCThread.c */,
				FD1E89DB21E650480091EB74 /* MCIO.h */,
				FD1E898721E650480091EB74 /* MCIO.c */,
				FD1E89E721E650480091EB74 /* MCUnitTest.h */,
				FD1E89C221E650480091EB74 /* MCUnitTest.c */,
				FD1E89D721E650480091EB74 /* MCContext.h */,
				FD1E89BB21E650480091EB74 /* MCContext.c */,
				FD1E89E921E650480091EB74 /* MCBuffer.h */,
				FD1E89C021E650480091EB74 /* MCBuffer.c */,
				FD1E89E021E650480091EB74 /* MCJNI.h */,
			);
			path = platform;
			sourceTree = "<group>";
		};
		FD9FDD0C27C62D6B003336F0 /* stdlib */ = {
			isa = PBXGroup;
			children = (
				FD1E89BC21E650480091EB74 /* MCArray.h */,
				FD1E89D621E650480091EB74 /* MCArray.c */,
				FD1E89C821E650480091EB74 /* MCArrayList.h */,
				FD1E898021E650480091EB74 /* MCArrayList.c */,
				FD1E89B521E650480091EB74 /* MCMap.h */,
				FD1E89DE21E650480091EB74 /* MCMap.c */,
				FD1E89B921E650480091EB74 /* MCLinkedList.h */,
				FD1E89D821E650480091EB74 /* MCLinkedList.c */,
				FD1E89D921E650480091EB74 /* MCMath.h */,
				FD1E89BA21E650480091EB74 /* MCMath.c */,
				FD1E89CD21E650480091EB74 /* MCBits.h */,
				FD1E897A21E650480091EB74 /* MCBits.c */,
				FD1E897C21E650480091EB74 /* MCTree.h */,
				FD1E89CB21E650480091EB74 /* MCTree.c */,
				FD1E89CA21E650480091EB74 /* MCSet.h */,
				FD1E897D21E650480091EB74 /* MCSet.c */,
				FD1E89C921E650480091EB74 /* MCGraph.h */,
				FD1E897E21E650480091EB74 /* MCGraph.c */,
				FD1E89D221E650480091EB74 /* MCSort.h */,
				FD1E898221E650480091EB74 /* MCSort.c */,
				FD1E89DC21E650480091EB74 /* MCHeap.h */,
				FD1E89B721E650480091EB74 /* MCHeap.c */,
				FD1E89BE21E650480091EB74 /* MCGeometry.h */,
				FD1E89D521E650480091EB74 /* MCGeometry.c */,
			);
			path = stdlib;
			sourceTree = "<group>";
		};
		FDE5E5F12143863E0076D526 = {
			isa = PBXGroup;
			children = (
				FD1E891D21E650470091EB74 /* monkc3 */,
				FDE5E5FB2143863E0076D526 /* Products */,
			);
			sourceTree = "<group>";
		};
		FDE5E5FB2143863E0076D526 /* Products */ = {
			isa = PBXGroup;
			children = (
				FDE5E5FA2143863E0076D526 /* monkc3 */,
			);
			name = Products;
			sourceTree = "<group>";
		};
/* End PBXGroup section */

/* Begin PBXNativeTarget section */
		FDE5E5F92143863E0076D526 /* monkc3 */ = {
			isa = PBXNativeTarget;
			buildConfigurationList = FDE5E6012143863E0076D526 /* Build configuration list for PBXNativeTarget "monkc3" */;
			buildPhases = (
				FDE5E5F62143863E0076D526 /* Sources */,
				FDE5E5F72143863E0076D526 /* Frameworks */,
				FDE5E5F82143863E0076D526 /* CopyFiles */,
			);
			buildRules = (
			);
			dependencies = (
			);
			name = monkc3;
			productName = monkc3;
			productReference = FDE5E5FA2143863E0076D526 /* monkc3 */;
			productType = "com.apple.product-type.tool";
		};
/* End PBXNativeTarget section */

/* Begin PBXProject section */
		FDE5E5F22143863E0076D526 /* Project object */ = {
			isa = PBXProject;
			attributes = {
				LastUpgradeCheck = 0940;
				ORGANIZATIONNAME = oreisoft;
				TargetAttributes = {
					FDE5E5F92143863E0076D526 = {
						CreatedOnToolsVersion = 9.4.1;
					};
				};
			};
			buildConfigurationList = FDE5E5F52143863E0076D526 /* Build configuration list for PBXProject "monkc3" */;
			compatibilityVersion = "Xcode 9.3";
			developmentRegion = en;
			hasScannedForEncodings = 0;
			knownRegions = (
				en,
			);
			mainGroup = FDE5E5F12143863E0076D526;
			productRefGroup = FDE5E5FB2143863E0076D526 /* Products */;
			projectDirPath = "";
			projectRoot = "";
			targets = (
				FDE5E5F92143863E0076D526 /* monkc3 */,
			);
		};
/* End PBXProject section */

/* Begin PBXSourcesBuildPhase section */
		FDE5E5F62143863E0076D526 /* Sources */ = {
			isa = PBXSourcesBuildPhase;
			buildActionMask = 2147483647;
			files = (
				FD1E8A0F21E650480091EB74 /* MCIO.c in Sources */,
				FD1E8A0621E650480091EB74 /* MCException.c in Sources */,
				FD1E8A3621E650480091EB74 /* MCThread.c in Sources */,
				FD1E8A3421E650480091EB74 /* MCUnitTest.c in Sources */,
				FD1E8A3D21E650480091EB74 /* MCArray.c in Sources */,
				FD1E8A3821E650480091EB74 /* MCTree.c in Sources */,
				FD1E8A0821E650480091EB74 /* MCSocket.c in Sources */,
				FD1E8A3221E650480091EB74 /* MCObject.c in Sources */,
				FD1E8A4221E650480091EB74 /* MCHashTable.c in Sources */,
				FD1E8A4021E650480091EB74 /* MCClass.c in Sources */,
				FD1E8A0721E650480091EB74 /* MCBits.c in Sources */,
				FD1E8A3321E650480091EB74 /* MCBuffer.c in Sources */,
				FD1E8A4121E650480091EB74 /* MCMap.c in Sources */,
				FD1E8A0C21E650480091EB74 /* MCArrayList.c in Sources */,
				FD1E8A3121E650480091EB74 /* MCContext.c in Sources */,
				FD1E8A3F21E650480091EB74 /* MCFunction.c in Sources */,
				FD1E8A3021E650480091EB74 /* MCMath.c in Sources */,
				FD1E8A3521E650480091EB74 /* MCLog.c in Sources */,
				FD9FDD0F27C6386E003336F0 /* testcase.c in Sources */,
				FD1E89FA21E650480091EB74 /* Fish.c in Sources */,
				FD1E8A3C21E650480091EB74 /* MCGeometry.c in Sources */,
				FD1E8A3E21E650480091EB74 /* MCLinkedList.c in Sources */,
				FD1E8A0E21E650480091EB74 /* MCMem.c in Sources */,
				FD1E8A3721E650480091EB74 /* MCClock.c in Sources */,
				FD1E8A2E21E650480091EB74 /* MCHeap.c in Sources */,
				FD1E8A0A21E650480091EB74 /* MCGraph.c in Sources */,
				FD1E8A0D21E650480091EB74 /* MCSort.c in Sources */,
				FD1E89FB21E650480091EB74 /* main.c in Sources */,
				FD1E8A4321E650480091EB74 /* MCType.c in Sources */,
				FD1E8A0B21E650480091EB74 /* MCString.c in Sources */,
				FD1E8A0921E650480091EB74 /* MCSet.c in Sources */,
				FD1E8A3A21E650480091EB74 /* MCProcess.c in Sources */,
				FD1E89FC21E650480091EB74 /* Cell.c in Sources */,
			);
			runOnlyForDeploymentPostprocessing = 0;
		};
/* End PBXSourcesBuildPhase section */

/* Begin XCBuildConfiguration section */
		FDE5E5FF2143863E0076D526 /* Debug */ = {
			isa = XCBuildConfiguration;
			buildSettings = {
				ALWAYS_SEARCH_USER_PATHS = NO;
				CLANG_ANALYZER_NONNULL = YES;
				CLANG_ANALYZER_NUMBER_OBJECT_CONVERSION = YES_AGGRESSIVE;
				CLANG_CXX_LANGUAGE_STANDARD = "gnu++14";
				CLANG_CXX_LIBRARY = "libc++";
				CLANG_ENABLE_MODULES = YES;
				CLANG_ENABLE_OBJC_ARC = YES;
				CLANG_ENABLE_OBJC_WEAK = YES;
				CLANG_WARN_BLOCK_CAPTURE_AUTORELEASING = YES;
				CLANG_WARN_BOOL_CONVERSION = YES;
				CLANG_WARN_COMMA = YES;
				CLANG_WARN_CONSTANT_CONVERSION = YES;
				CLANG_WARN_DEPRECATED_OBJC_IMPLEMENTATIONS = YES;
				CLANG_WARN_DIRECT_OBJC_ISA_USAGE = YES_ERROR;
				CLANG_WARN_DOCUMENTATION_COMMENTS = YES;
				CLANG_WARN_EMPTY_BODY = YES;
				CLANG_WARN_ENUM_CONVERSION = YES;
				CLANG_WARN_INFINITE_RECURSION = YES;
				CLANG_WARN_INT_CONVERSION = YES;
				CLANG_WARN_NON_LITERAL_NULL_CONVERSION = YES;
				CLANG_WARN_OBJC_IMPLICIT_RETAIN_SELF = YES;
				CLANG_WARN_OBJC_LITERAL_CONVERSION = YES;
				CLANG_WARN_OBJC_ROOT_CLASS = YES_ERROR;
				CLANG_WARN_RANGE_LOOP_ANALYSIS = YES;
				CLANG_WARN_STRICT_PROTOTYPES = YES;
				CLANG_WARN_SUSPICIOUS_MOVE = YES;
				CLANG_WARN_UNGUARDED_AVAILABILITY = YES_AGGRESSIVE;
				CLANG_WARN_UNREACHABLE_CODE = YES;
				CLANG_WARN__DUPLICATE_METHOD_MATCH = YES;
				CODE_SIGN_IDENTITY = "Mac Developer";
				COPY_PHASE_STRIP = NO;
				DEBUG_INFORMATION_FORMAT = dwarf;
				ENABLE_STRICT_OBJC_MSGSEND = YES;
				ENABLE_TESTABILITY = YES;
				GCC_C_LANGUAGE_STANDARD = c89;
				GCC_DYNAMIC_NO_PIC = NO;
				GCC_INPUT_FILETYPE = sourcecode.c.c;
				GCC_NO_COMMON_BLOCKS = YES;
				GCC_OPTIMIZATION_LEVEL = 0;
				GCC_PREPROCESSOR_DEFINITIONS = (
					"DEBUG=1",
					"$(inherited)",
				);
				GCC_WARN_64_TO_32_BIT_CONVERSION = YES;
				GCC_WARN_ABOUT_RETURN_TYPE = YES_ERROR;
				GCC_WARN_UNDECLARED_SELECTOR = YES;
				GCC_WARN_UNINITIALIZED_AUTOS = YES_AGGRESSIVE;
				GCC_WARN_UNUSED_FUNCTION = NO;
				GCC_WARN_UNUSED_VARIABLE = YES;
				MACOSX_DEPLOYMENT_TARGET = 10.13;
				MTL_ENABLE_DEBUG_INFO = YES;
				ONLY_ACTIVE_ARCH = YES;
				SDKROOT = macosx;
			};
			name = Debug;
		};
		FDE5E6002143863E0076D526 /* Release */ = {
			isa = XCBuildConfiguration;
			buildSettings = {
				ALWAYS_SEARCH_USER_PATHS = NO;
				CLANG_ANALYZER_NONNULL = YES;
				CLANG_ANALYZER_NUMBER_OBJECT_CONVERSION = YES_AGGRESSIVE;
				CLANG_CXX_LANGUAGE_STANDARD = "gnu++14";
				CLANG_CXX_LIBRARY = "libc++";
				CLANG_ENABLE_MODULES = YES;
				CLANG_ENABLE_OBJC_ARC = YES;
				CLANG_ENABLE_OBJC_WEAK = YES;
				CLANG_WARN_BLOCK_CAPTURE_AUTORELEASING = YES;
				CLANG_WARN_BOOL_CONVERSION = YES;
				CLANG_WARN_COMMA = YES;
				CLANG_WARN_CONSTANT_CONVERSION = YES;
				CLANG_WARN_DEPRECATED_OBJC_IMPLEMENTATIONS = YES;
				CLANG_WARN_DIRECT_OBJC_ISA_USAGE = YES_ERROR;
				CLANG_WARN_DOCUMENTATION_COMMENTS = YES;
				CLANG_WARN_EMPTY_BODY = YES;
				CLANG_WARN_ENUM_CONVERSION = YES;
				CLANG_WARN_INFINITE_RECURSION = YES;
				CLANG_WARN_INT_CONVERSION = YES;
				CLANG_WARN_NON_LITERAL_NULL_CONVERSION = YES;
				CLANG_WARN_OBJC_IMPLICIT_RETAIN_SELF = YES;
				CLANG_WARN_OBJC_LITERAL_CONVERSION = YES;
				CLANG_WARN_OBJC_ROOT_CLASS = YES_ERROR;
				CLANG_WARN_RANGE_LOOP_ANALYSIS = YES;
				CLANG_WARN_STRICT_PROTOTYPES = YES;
				CLANG_WARN_SUSPICIOUS_MOVE = YES;
				CLANG_WARN_UNGUARDED_AVAILABILITY = YES_AGGRESSIVE;
				CLANG_WARN_UNREACHABLE_CODE = YES;
				CLANG_WARN__DUPLICATE_METHOD_MATCH = YES;
				CODE_SIGN_IDENTITY = "Mac Developer";
				COPY_PHASE_STRIP = NO;
				DEBUG_INFORMATION_FORMAT = "dwarf-with-dsym";
				ENABLE_NS_ASSERTIONS = NO;
				ENABLE_STRICT_OBJC_MSGSEND = YES;
				GCC_C_LANGUAGE_STANDARD = c89;
				GCC_INPUT_FILETYPE = sourcecode.c.c;
				GCC_NO_COMMON_BLOCKS = YES;
				GCC_WARN_64_TO_32_BIT_CONVERSION = YES;
				GCC_WARN_ABOUT_RETURN_TYPE = YES_ERROR;
				GCC_WARN_UNDECLARED_SELECTOR = YES;
				GCC_WARN_UNINITIALIZED_AUTOS = YES_AGGRESSIVE;
				GCC_WARN_UNUSED_FUNCTION = NO;
				GCC_WARN_UNUSED_VARIABLE = YES;
				MACOSX_DEPLOYMENT_TARGET = 10.13;
				MTL_ENABLE_DEBUG_INFO = NO;
				SDKROOT = macosx;
			};
			name = Release;
		};
		FDE5E6022143863E0076D526 /* Debug */ = {
			isa = XCBuildConfiguration;
			buildSettings = {
				CLANG_ENABLE_OBJC_ARC = NO;
				CLANG_WARN_DIRECT_OBJC_ISA_USAGE = NO;
				"CODE_SIGN_IDENTITY[sdk=macosx*]" = "-";
				CODE_SIGN_STYLE = Manual;
				DEVELOPMENT_TEAM = 37V5UJ9JX2;
				"DEVELOPMENT_TEAM[sdk=macosx*]" = "";
				GCC_C_LANGUAGE_STANDARD = c89;
				GCC_INPUT_FILETYPE = sourcecode.c.c;
				GCC_WARN_UNUSED_FUNCTION = NO;
				LIBRARY_SEARCH_PATHS = (
					"$(inherited)",
					"$(PROJECT_DIR)/monkc3/runtime",
				);
				PRODUCT_NAME = "$(TARGET_NAME)";
				PROVISIONING_PROFILE_SPECIFIER = "";
			};
			name = Debug;
		};
		FDE5E6032143863E0076D526 /* Release */ = {
			isa = XCBuildConfiguration;
			buildSettings = {
				CLANG_ENABLE_OBJC_ARC = NO;
				CLANG_WARN_DIRECT_OBJC_ISA_USAGE = NO;
				"CODE_SIGN_IDENTITY[sdk=macosx*]" = "-";
				CODE_SIGN_STYLE = Manual;
				DEVELOPMENT_TEAM = 37V5UJ9JX2;
				"DEVELOPMENT_TEAM[sdk=macosx*]" = "";
				GCC_C_LANGUAGE_STANDARD = c89;
				GCC_INPUT_FILETYPE = sourcecode.c.c;
				GCC_WARN_UNUSED_FUNCTION = NO;
				LIBRARY_SEARCH_PATHS = (
					"$(inherited)",
					"$(PROJECT_DIR)/monkc3/runtime",
				);
				PRODUCT_NAME = "$(TARGET_NAME)";
				PROVISIONING_PROFILE_SPECIFIER = "";
			};
			name = Release;
		};
/* End XCBuildConfiguration section */

/* Begin XCConfigurationList section */
		FDE5E5F52143863E0076D526 /* Build configuration list for PBXProject "monkc3" */ = {
			isa = XCConfigurationList;
			buildConfigurations = (
				FDE5E5FF2143863E0076D526 /* Debug */,
				FDE5E6002143863E0076D526 /* Release */,
			);
			defaultConfigurationIsVisible = 0;
			defaultConfigurationName = Release;
		};
		FDE5E6012143863E0076D526 /* Build configuration list for PBXNativeTarget "monkc3" */ = {
			isa = XCConfigurationList;
			buildConfigurations = (
				FDE5E6022143863E0076D526 /* Debug */,
				FDE5E6032143863E0076D526 /* Release */,
			);
			defaultConfigurationIsVisible = 0;
			defaultConfigurationName = Release;
		};
/* End XCConfigurationList section */
	};
	rootObject = FDE5E5F22143863E0076D526 /* Project object */;
}
